
Microsoft Visual Studio Solution File, Format Version 12.00
# Visual Studio Version 17
VisualStudioVersion = 17.9.34728.123
MinimumVisualStudioVersion = 10.0.40219.1
Project("{FAE04EC0-301F-11D3-BF4B-00C04F79EFBC}") = "1.3.2", "1.3.2\1.3.2.csproj", "{1787F0DF-F271-48F6-88E7-69E2EE251508}"
EndProject
Global
	GlobalSection(SolutionConfigurationPlatforms) = preSolution
		Debug|Any CPU = Debug|Any CPU
		Release|Any CPU = Release|Any CPU
	EndGlobalSection
	GlobalSection(ProjectConfigurationPlatforms) = postSolution
		{1787F0DF-F271-48F6-88E7-69E2EE251508}.Debug|Any CPU.ActiveCfg = Debug|Any CPU
		{1787F0DF-F271-48F6-88E7-69E2EE251508}.Debug|Any CPU.Build.0 = Debug|Any CPU
		{1787F0DF-F271-48F6-88E7-69E2EE251508}.Release|Any CPU.ActiveCfg = Release|Any CPU
		{1787F0DF-F271-48F6-88E7-69E2EE251508}.Release|Any CPU.Build.0 = Release|Any CPU
	EndGlobalSection
	GlobalSection(SolutionProperties) = preSolution
		HideSolutionNode = FALSE
	EndGlobalSection
	GlobalSection(ExtensibilityGlobals) = postSolution
		SolutionGuid = {F5857340-F644-420C-AAC8-C15A9A48D184}
	EndGlobalSection
EndGlobal
