
Microsoft Visual Studio Solution File, Format Version 12.00
# Visual Studio Version 17
VisualStudioVersion = 17.9.34728.123
MinimumVisualStudioVersion = 10.0.40219.1
Project("{FAE04EC0-301F-11D3-BF4B-00C04F79EFBC}") = "3.2E", "3.2E\3.2E.csproj", "{30BC1236-6B58-4192-888F-1294C6F5E1DB}"
EndProject
Global
	GlobalSection(SolutionConfigurationPlatforms) = preSolution
		Debug|Any CPU = Debug|Any CPU
		Release|Any CPU = Release|Any CPU
	EndGlobalSection
	GlobalSection(ProjectConfigurationPlatforms) = postSolution
		{30BC1236-6B58-4192-888F-1294C6F5E1DB}.Debug|Any CPU.ActiveCfg = Debug|Any CPU
		{30BC1236-6B58-4192-888F-1294C6F5E1DB}.Debug|Any CPU.Build.0 = Debug|Any CPU
		{30BC1236-6B58-4192-888F-1294C6F5E1DB}.Release|Any CPU.ActiveCfg = Release|Any CPU
		{30BC1236-6B58-4192-888F-1294C6F5E1DB}.Release|Any CPU.Build.0 = Release|Any CPU
	EndGlobalSection
	GlobalSection(SolutionProperties) = preSolution
		HideSolutionNode = FALSE
	EndGlobalSection
	GlobalSection(ExtensibilityGlobals) = postSolution
		SolutionGuid = {A879B369-569A-4A29-A77E-949F4A51E1B8}
	EndGlobalSection
EndGlobal
