
Microsoft Visual Studio Solution File, Format Version 12.00
# Visual Studio Version 17
VisualStudioVersion = 17.9.34728.123
MinimumVisualStudioVersion = 10.0.40219.1
Project("{FAE04EC0-301F-11D3-BF4B-00C04F79EFBC}") = "6.3", "6.3\6.3.csproj", "{EB1FA99F-FE66-4DB9-A632-7EA501DB71B3}"
EndProject
Global
	GlobalSection(SolutionConfigurationPlatforms) = preSolution
		Debug|Any CPU = Debug|Any CPU
		Release|Any CPU = Release|Any CPU
	EndGlobalSection
	GlobalSection(ProjectConfigurationPlatforms) = postSolution
		{EB1FA99F-FE66-4DB9-A632-7EA501DB71B3}.Debug|Any CPU.ActiveCfg = Debug|Any CPU
		{EB1FA99F-FE66-4DB9-A632-7EA501DB71B3}.Debug|Any CPU.Build.0 = Debug|Any CPU
		{EB1FA99F-FE66-4DB9-A632-7EA501DB71B3}.Release|Any CPU.ActiveCfg = Release|Any CPU
		{EB1FA99F-FE66-4DB9-A632-7EA501DB71B3}.Release|Any CPU.Build.0 = Release|Any CPU
	EndGlobalSection
	GlobalSection(SolutionProperties) = preSolution
		HideSolutionNode = FALSE
	EndGlobalSection
	GlobalSection(ExtensibilityGlobals) = postSolution
		SolutionGuid = {3B0FE8BF-1868-4363-912B-4A863603E3CB}
	EndGlobalSection
EndGlobal
