
Microsoft Visual Studio Solution File, Format Version 12.00
# Visual Studio Version 17
VisualStudioVersion = 17.9.34728.123
MinimumVisualStudioVersion = 10.0.40219.1
Project("{FAE04EC0-301F-11D3-BF4B-00C04F79EFBC}") = "1.1 Numbers", "1.1 Numbers\1.1 Numbers.csproj", "{2EA3932D-347F-4269-B5BC-14AC81CA352D}"
EndProject
Global
	GlobalSection(SolutionConfigurationPlatforms) = preSolution
		Debug|Any CPU = Debug|Any CPU
		Release|Any CPU = Release|Any CPU
	EndGlobalSection
	GlobalSection(ProjectConfigurationPlatforms) = postSolution
		{2EA3932D-347F-4269-B5BC-14AC81CA352D}.Debug|Any CPU.ActiveCfg = Debug|Any CPU
		{2EA3932D-347F-4269-B5BC-14AC81CA352D}.Debug|Any CPU.Build.0 = Debug|Any CPU
		{2EA3932D-347F-4269-B5BC-14AC81CA352D}.Release|Any CPU.ActiveCfg = Release|Any CPU
		{2EA3932D-347F-4269-B5BC-14AC81CA352D}.Release|Any CPU.Build.0 = Release|Any CPU
	EndGlobalSection
	GlobalSection(SolutionProperties) = preSolution
		HideSolutionNode = FALSE
	EndGlobalSection
	GlobalSection(ExtensibilityGlobals) = postSolution
		SolutionGuid = {B207F726-2392-4901-A843-6E7BCF3DF5F3}
	EndGlobalSection
EndGlobal
