
Microsoft Visual Studio Solution File, Format Version 12.00
# Visual Studio Version 17
VisualStudioVersion = 17.9.34728.123
MinimumVisualStudioVersion = 10.0.40219.1
Project("{FAE04EC0-301F-11D3-BF4B-00C04F79EFBC}") = "3.3C", "3.3C\3.3C.csproj", "{EDF41D60-28A4-4F26-A1C1-D3A9E8E13586}"
EndProject
Global
	GlobalSection(SolutionConfigurationPlatforms) = preSolution
		Debug|Any CPU = Debug|Any CPU
		Release|Any CPU = Release|Any CPU
	EndGlobalSection
	GlobalSection(ProjectConfigurationPlatforms) = postSolution
		{EDF41D60-28A4-4F26-A1C1-D3A9E8E13586}.Debug|Any CPU.ActiveCfg = Debug|Any CPU
		{EDF41D60-28A4-4F26-A1C1-D3A9E8E13586}.Debug|Any CPU.Build.0 = Debug|Any CPU
		{EDF41D60-28A4-4F26-A1C1-D3A9E8E13586}.Release|Any CPU.ActiveCfg = Release|Any CPU
		{EDF41D60-28A4-4F26-A1C1-D3A9E8E13586}.Release|Any CPU.Build.0 = Release|Any CPU
	EndGlobalSection
	GlobalSection(SolutionProperties) = preSolution
		HideSolutionNode = FALSE
	EndGlobalSection
	GlobalSection(ExtensibilityGlobals) = postSolution
		SolutionGuid = {338C85F3-636D-4152-BABA-604825C6EA86}
	EndGlobalSection
EndGlobal
